
Microsoft Visual Studio Solution File, Format Version 12.00
# Visual Studio Version 16
VisualStudioVersion = 16.0.30128.74
MinimumVisualStudioVersion = 10.0.40219.1
Project("{9A19103F-16F7-4668-BE54-9A1E7A4F7556}") = "SmartHome.Common", "SmartHome.Common\SmartHome.Common.csproj", "{1D16A897-A7DD-4E04-8E74-FB64D4EF8C68}"
EndProject
Project("{9A19103F-16F7-4668-BE54-9A1E7A4F7556}") = "SmartHome.Webservice", "SmartHome.Webservice\SmartHome.Webservice.csproj", "{F9AF0575-3559-45D3-BA39-D92FAD164C0D}"
EndProject
Project("{9A19103F-16F7-4668-BE54-9A1E7A4F7556}") = "SmartHome.MqttService", "SmartHome.MqttService\SmartHome.MqttService.csproj", "{91482B5B-1494-4ADE-B9EF-D4AFB2F6BE94}"
EndProject
Project("{FAE04EC0-301F-11D3-BF4B-00C04F79EFBC}") = "SmartHome.MongoService", "SmartHome.MongoService\SmartHome.MongoService.csproj", "{B61913CF-402D-4C68-A8B4-61717882FD64}"
EndProject
Global
	GlobalSection(SolutionConfigurationPlatforms) = preSolution
		Debug|Any CPU = Debug|Any CPU
		Release|Any CPU = Release|Any CPU
	EndGlobalSection
	GlobalSection(ProjectConfigurationPlatforms) = postSolution
		{1D16A897-A7DD-4E04-8E74-FB64D4EF8C68}.Debug|Any CPU.ActiveCfg = Debug|Any CPU
		{1D16A897-A7DD-4E04-8E74-FB64D4EF8C68}.Debug|Any CPU.Build.0 = Debug|Any CPU
		{1D16A897-A7DD-4E04-8E74-FB64D4EF8C68}.Release|Any CPU.ActiveCfg = Release|Any CPU
		{1D16A897-A7DD-4E04-8E74-FB64D4EF8C68}.Release|Any CPU.Build.0 = Release|Any CPU
		{F9AF0575-3559-45D3-BA39-D92FAD164C0D}.Debug|Any CPU.ActiveCfg = Debug|Any CPU
		{F9AF0575-3559-45D3-BA39-D92FAD164C0D}.Debug|Any CPU.Build.0 = Debug|Any CPU
		{F9AF0575-3559-45D3-BA39-D92FAD164C0D}.Release|Any CPU.ActiveCfg = Release|Any CPU
		{F9AF0575-3559-45D3-BA39-D92FAD164C0D}.Release|Any CPU.Build.0 = Release|Any CPU
		{91482B5B-1494-4ADE-B9EF-D4AFB2F6BE94}.Debug|Any CPU.ActiveCfg = Debug|Any CPU
		{91482B5B-1494-4ADE-B9EF-D4AFB2F6BE94}.Debug|Any CPU.Build.0 = Debug|Any CPU
		{91482B5B-1494-4ADE-B9EF-D4AFB2F6BE94}.Release|Any CPU.ActiveCfg = Release|Any CPU
		{91482B5B-1494-4ADE-B9EF-D4AFB2F6BE94}.Release|Any CPU.Build.0 = Release|Any CPU
		{B61913CF-402D-4C68-A8B4-61717882FD64}.Debug|Any CPU.ActiveCfg = Debug|Any CPU
		{B61913CF-402D-4C68-A8B4-61717882FD64}.Debug|Any CPU.Build.0 = Debug|Any CPU
		{B61913CF-402D-4C68-A8B4-61717882FD64}.Release|Any CPU.ActiveCfg = Release|Any CPU
		{B61913CF-402D-4C68-A8B4-61717882FD64}.Release|Any CPU.Build.0 = Release|Any CPU
	EndGlobalSection
	GlobalSection(SolutionProperties) = preSolution
		HideSolutionNode = FALSE
	EndGlobalSection
	GlobalSection(ExtensibilityGlobals) = postSolution
		SolutionGuid = {9B2A318C-9DCA-47A7-AE00-7B32316A0964}
	EndGlobalSection
EndGlobal
